// !$*UTF8*$!
{
	archiveVersion = 1;
	classes = {
	};
	objectVersion = 46;
	objects = {

/* Begin PBXBuildFile section */
		352B484C1B74AA61003F7AB1 /* main.cpp in Sources */ = {isa = PBXBuildFile; fileRef = 352B484B1B74AA61003F7AB1 /* main.cpp */; };
		352B48591B77A4DD003F7AB1 /* SLList.cpp in Sources */ = {isa = PBXBuildFile; fileRef = 352B48571B77A4DD003F7AB1 /* SLList.cpp */; };
/* End PBXBuildFile section */

/* Begin PBXCopyFilesBuildPhase section */
		352B48461B74AA61003F7AB1 /* CopyFiles */ = {
			isa = PBXCopyFilesBuildPhase;
			buildActionMask = 2147483647;
			dstPath = /usr/share/man/man1/;
			dstSubfolderSpec = 0;
			files = (
			);
			runOnlyForDeploymentPostprocessing = 1;
		};
/* End PBXCopyFilesBuildPhase section */

/* Begin PBXFileReference section */
		352B48481B74AA61003F7AB1 /* cpp */ = {isa = PBXFileReference; explicitFileType = "compiled.mach-o.executable"; includeInIndex = 0; path = cpp; sourceTree = BUILT_PRODUCTS_DIR; };
		352B484B1B74AA61003F7AB1 /* main.cpp */ = {isa = PBXFileReference; lastKnownFileType = sourcecode.cpp.cpp; path = main.cpp; sourceTree = "<group>"; };
		352B48531B74F045003F7AB1 /* first.h */ = {isa = PBXFileReference; fileEncoding = 4; lastKnownFileType = sourcecode.c.h; name = first.h; path = first/first.h; sourceTree = "<group>"; };
		352B48551B779FD2003F7AB1 /* defaultCon.h */ = {isa = PBXFileReference; fileEncoding = 4; lastKnownFileType = sourcecode.c.h; name = defaultCon.h; path = first/defaultCon.h; sourceTree = "<group>"; };
		352B48571B77A4DD003F7AB1 /* SLList.cpp */ = {isa = PBXFileReference; fileEncoding = 4; lastKnownFileType = sourcecode.cpp.cpp; name = SLList.cpp; path = linklist/SLList.cpp; sourceTree = "<group>"; };
		352B48581B77A4DD003F7AB1 /* SLList.h */ = {isa = PBXFileReference; fileEncoding = 4; lastKnownFileType = sourcecode.c.h; name = SLList.h; path = linklist/SLList.h; sourceTree = "<group>"; };
/* End PBXFileReference section */

/* Begin PBXFrameworksBuildPhase section */
		352B48451B74AA61003F7AB1 /* Frameworks */ = {
			isa = PBXFrameworksBuildPhase;
			buildActionMask = 2147483647;
			files = (
			);
			runOnlyForDeploymentPostprocessing = 0;
		};
/* End PBXFrameworksBuildPhase section */

/* Begin PBXGroup section */
		352B483F1B74AA61003F7AB1 = {
			isa = PBXGroup;
			children = (
				352B484A1B74AA61003F7AB1 /* cpp */,
				352B48491B74AA61003F7AB1 /* Products */,
			);
			sourceTree = "<group>";
		};
		352B48491B74AA61003F7AB1 /* Products */ = {
			isa = PBXGroup;
			children = (
				352B48481B74AA61003F7AB1 /* cpp */,
			);
			name = Products;
			sourceTree = "<group>";
		};
		352B484A1B74AA61003F7AB1 /* cpp */ = {
			isa = PBXGroup;
			children = (
				352B48561B77A1E2003F7AB1 /* linklist */,
				352B48521B74F007003F7AB1 /* first */,
				352B484B1B74AA61003F7AB1 /* main.cpp */,
			);
			path = cpp;
			sourceTree = "<group>";
		};
		352B48521B74F007003F7AB1 /* first */ = {
			isa = PBXGroup;
			children = (
				352B48551B779FD2003F7AB1 /* defaultCon.h */,
				352B48531B74F045003F7AB1 /* first.h */,
			);
			name = first;
			sourceTree = "<group>";
		};
		352B48561B77A1E2003F7AB1 /* linklist */ = {
			isa = PBXGroup;
			children = (
				352B48571B77A4DD003F7AB1 /* SLList.cpp */,
				352B48581B77A4DD003F7AB1 /* SLList.h */,
			);
			name = linklist;
			sourceTree = "<group>";
		};
/* End PBXGroup section */

/* Begin PBXNativeTarget section */
		352B48471B74AA61003F7AB1 /* cpp */ = {
			isa = PBXNativeTarget;
			buildConfigurationList = 352B484F1B74AA61003F7AB1 /* Build configuration list for PBXNativeTarget "cpp" */;
			buildPhases = (
				352B48441B74AA61003F7AB1 /* Sources */,
				352B48451B74AA61003F7AB1 /* Frameworks */,
				352B48461B74AA61003F7AB1 /* CopyFiles */,
			);
			buildRules = (
			);
			dependencies = (
			);
			name = cpp;
			productName = cpp;
			productReference = 352B48481B74AA61003F7AB1 /* cpp */;
			productType = "com.apple.product-type.tool";
		};
/* End PBXNativeTarget section */

/* Begin PBXProject section */
		352B48401B74AA61003F7AB1 /* Project object */ = {
			isa = PBXProject;
			attributes = {
				LastUpgradeCheck = 0610;
				ORGANIZATIONNAME = N.Jack;
				TargetAttributes = {
					352B48471B74AA61003F7AB1 = {
						CreatedOnToolsVersion = 6.1;
					};
				};
			};
			buildConfigurationList = 352B48431B74AA61003F7AB1 /* Build configuration list for PBXProject "cpp" */;
			compatibilityVersion = "Xcode 3.2";
			developmentRegion = English;
			hasScannedForEncodings = 0;
			knownRegions = (
				en,
			);
			mainGroup = 352B483F1B74AA61003F7AB1;
			productRefGroup = 352B48491B74AA61003F7AB1 /* Products */;
			projectDirPath = "";
			projectRoot = "";
			targets = (
				352B48471B74AA61003F7AB1 /* cpp */,
			);
		};
/* End PBXProject section */

/* Begin PBXSourcesBuildPhase section */
		352B48441B74AA61003F7AB1 /* Sources */ = {
			isa = PBXSourcesBuildPhase;
			buildActionMask = 2147483647;
			files = (
				352B48591B77A4DD003F7AB1 /* SLList.cpp in Sources */,
				352B484C1B74AA61003F7AB1 /* main.cpp in Sources */,
			);
			runOnlyForDeploymentPostprocessing = 0;
		};
/* End PBXSourcesBuildPhase section */

/* Begin XCBuildConfiguration section */
		352B484D1B74AA61003F7AB1 /* Debug */ = {
			isa = XCBuildConfiguration;
			buildSettings = {
				ALWAYS_SEARCH_USER_PATHS = NO;
				CLANG_CXX_LANGUAGE_STANDARD = "gnu++0x";
				CLANG_CXX_LIBRARY = "libc++";
				CLANG_ENABLE_MODULES = YES;
				CLANG_ENABLE_OBJC_ARC = YES;
				CLANG_WARN_BOOL_CONVERSION = YES;
				CLANG_WARN_CONSTANT_CONVERSION = YES;
				CLANG_WARN_DIRECT_OBJC_ISA_USAGE = YES_ERROR;
				CLANG_WARN_EMPTY_BODY = YES;
				CLANG_WARN_ENUM_CONVERSION = YES;
				CLANG_WARN_INT_CONVERSION = YES;
				CLANG_WARN_OBJC_ROOT_CLASS = YES_ERROR;
				CLANG_WARN_UNREACHABLE_CODE = YES;
				CLANG_WARN__DUPLICATE_METHOD_MATCH = YES;
				COPY_PHASE_STRIP = NO;
				ENABLE_STRICT_OBJC_MSGSEND = YES;
				GCC_C_LANGUAGE_STANDARD = gnu99;
				GCC_DYNAMIC_NO_PIC = NO;
				GCC_OPTIMIZATION_LEVEL = 0;
				GCC_PREPROCESSOR_DEFINITIONS = (
					"DEBUG=1",
					"$(inherited)",
				);
				GCC_SYMBOLS_PRIVATE_EXTERN = NO;
				GCC_WARN_64_TO_32_BIT_CONVERSION = YES;
				GCC_WARN_ABOUT_RETURN_TYPE = YES_ERROR;
				GCC_WARN_UNDECLARED_SELECTOR = YES;
				GCC_WARN_UNINITIALIZED_AUTOS = YES_AGGRESSIVE;
				GCC_WARN_UNUSED_FUNCTION = YES;
				GCC_WARN_UNUSED_VARIABLE = YES;
				MACOSX_DEPLOYMENT_TARGET = 10.10;
				MTL_ENABLE_DEBUG_INFO = YES;
				ONLY_ACTIVE_ARCH = YES;
				SDKROOT = macosx;
			};
			name = Debug;
		};
		352B484E1B74AA61003F7AB1 /* Release */ = {
			isa = XCBuildConfiguration;
			buildSettings = {
				ALWAYS_SEARCH_USER_PATHS = NO;
				CLANG_CXX_LANGUAGE_STANDARD = "gnu++0x";
				CLANG_CXX_LIBRARY = "libc++";
				CLANG_ENABLE_MODULES = YES;
				CLANG_ENABLE_OBJC_ARC = YES;
				CLANG_WARN_BOOL_CONVERSION = YES;
				CLANG_WARN_CONSTANT_CONVERSION = YES;
				CLANG_WARN_DIRECT_OBJC_ISA_USAGE = YES_ERROR;
				CLANG_WARN_EMPTY_BODY = YES;
				CLANG_WARN_ENUM_CONVERSION = YES;
				CLANG_WARN_INT_CONVERSION = YES;
				CLANG_WARN_OBJC_ROOT_CLASS = YES_ERROR;
				CLANG_WARN_UNREACHABLE_CODE = YES;
				CLANG_WARN__DUPLICATE_METHOD_MATCH = YES;
				COPY_PHASE_STRIP = YES;
				DEBUG_INFORMATION_FORMAT = "dwarf-with-dsym";
				ENABLE_NS_ASSERTIONS = NO;
				ENABLE_STRICT_OBJC_MSGSEND = YES;
				GCC_C_LANGUAGE_STANDARD = gnu99;
				GCC_WARN_64_TO_32_BIT_CONVERSION = YES;
				GCC_WARN_ABOUT_RETURN_TYPE = YES_ERROR;
				GCC_WARN_UNDECLARED_SELECTOR = YES;
				GCC_WARN_UNINITIALIZED_AUTOS = YES_AGGRESSIVE;
				GCC_WARN_UNUSED_FUNCTION = YES;
				GCC_WARN_UNUSED_VARIABLE = YES;
				MACOSX_DEPLOYMENT_TARGET = 10.10;
				MTL_ENABLE_DEBUG_INFO = NO;
				SDKROOT = macosx;
			};
			name = Release;
		};
		352B48501B74AA61003F7AB1 /* Debug */ = {
			isa = XCBuildConfiguration;
			buildSettings = {
				PRODUCT_NAME = "$(TARGET_NAME)";
			};
			name = Debug;
		};
		352B48511B74AA61003F7AB1 /* Release */ = {
			isa = XCBuildConfiguration;
			buildSettings = {
				PRODUCT_NAME = "$(TARGET_NAME)";
			};
			name = Release;
		};
/* End XCBuildConfiguration section */

/* Begin XCConfigurationList section */
		352B48431B74AA61003F7AB1 /* Build configuration list for PBXProject "cpp" */ = {
			isa = XCConfigurationList;
			buildConfigurations = (
				352B484D1B74AA61003F7AB1 /* Debug */,
				352B484E1B74AA61003F7AB1 /* Release */,
			);
			defaultConfigurationIsVisible = 0;
			defaultConfigurationName = Release;
		};
		352B484F1B74AA61003F7AB1 /* Build configuration list for PBXNativeTarget "cpp" */ = {
			isa = XCConfigurationList;
			buildConfigurations = (
				352B48501B74AA61003F7AB1 /* Debug */,
				352B48511B74AA61003F7AB1 /* Release */,
			);
			defaultConfigurationIsVisible = 0;
		};
/* End XCConfigurationList section */
	};
	rootObject = 352B48401B74AA61003F7AB1 /* Project object */;
}
